{
  "object": {
    "pins": [
      {
        "package": "BinarySearch",
        "repositoryURL": "https://github.com/ultim8p/BinarySearch",
        "state": {
          "branch": null,
          "revision": "b8c4003973cf451d8ca53519534bd441039a85e4",
          "version": "0.0.2"
        }
      },
      {
        "package": "CodableUtils",
        "repositoryURL": "https://github.com/ultim8p/CodableUtils",
        "state": {
          "branch": null,
          "revision": "a70fb06e96ad575f918fc3137b8db81094bba37f",
          "version": "0.0.2"
        }
      },
      {
        "package": "Mergeable",
        "repositoryURL": "https://github.com/ultim8p/Mergeable",
        "state": {
          "branch": null,
          "revision": "81ea94d1a6a04f366608b2416a727c5f11d20c28",
          "version": "0.0.2"
        }
      }
    ]
  },
  "version": 1
}
