{
  "object": {
    "pins": [
      {
        "package": "BinarySearch",
        "repositoryURL": "https://github.com/ultim8p/BinarySearch",
        "state": {
          "branch": null,
          "revision": "cce9b7b33acbbdcc1b6d08875c1b188db74f9767",
          "version": "0.0.3"
        }
      },
      {
        "package": "CodableUtils",
        "repositoryURL": "https://github.com/ultim8p/CodableUtils",
        "state": {
          "branch": null,
          "revision": "45a6378f16e700fdbbd6df13a67ebad1f517af80",
          "version": "0.0.3"
        }
      },
      {
        "package": "Mergeable",
        "repositoryURL": "https://github.com/ultim8p/Mergeable",
        "state": {
          "branch": "development",
          "revision": "ac4ba3810076b756a1c19f2703ff4a46a323b82d",
          "version": null
        }
      }
    ]
  },
  "version": 1
}
